
Microsoft Visual Studio Solution File, Format Version 12.00
# Visual Studio Version 17
VisualStudioVersion = 17.6.33815.320
MinimumVisualStudioVersion = 10.0.40219.1
Project("{FAE04EC0-301F-11D3-BF4B-00C04F79EFBC}") = "Assignment18", "Assignment18.csproj", "{F00DE483-BA1C-4C37-A10E-AB8FC5168809}"
EndProject
Global
	GlobalSection(SolutionConfigurationPlatforms) = preSolution
		Debug|Any CPU = Debug|Any CPU
		Release|Any CPU = Release|Any CPU
	EndGlobalSection
	GlobalSection(ProjectConfigurationPlatforms) = postSolution
		{F00DE483-BA1C-4C37-A10E-AB8FC5168809}.Debug|Any CPU.ActiveCfg = Debug|Any CPU
		{F00DE483-BA1C-4C37-A10E-AB8FC5168809}.Debug|Any CPU.Build.0 = Debug|Any CPU
		{F00DE483-BA1C-4C37-A10E-AB8FC5168809}.Release|Any CPU.ActiveCfg = Release|Any CPU
		{F00DE483-BA1C-4C37-A10E-AB8FC5168809}.Release|Any CPU.Build.0 = Release|Any CPU
	EndGlobalSection
	GlobalSection(SolutionProperties) = preSolution
		HideSolutionNode = FALSE
	EndGlobalSection
	GlobalSection(ExtensibilityGlobals) = postSolution
		SolutionGuid = {17D9485B-4367-4D1C-9118-A9B080642446}
	EndGlobalSection
EndGlobal
